
Microsoft Visual Studio Solution File, Format Version 12.00
# Visual Studio Version 16
VisualStudioVersion = 16.0.31624.102
MinimumVisualStudioVersion = 10.0.40219.1
Project("{9A19103F-16F7-4668-BE54-9A1E7A4F7556}") = "ArrayA1", "ArrayA1\ArrayA1.csproj", "{C01ABB4C-3903-4D64-8636-BDFFFE74248B}"
EndProject
Project("{FAE04EC0-301F-11D3-BF4B-00C04F79EFBC}") = "MethodenA1", "MethodenA1\MethodenA1.csproj", "{1BB854CE-A3A9-4A11-A7A8-2D44264C3F74}"
EndProject
Global
	GlobalSection(SolutionConfigurationPlatforms) = preSolution
		Debug|Any CPU = Debug|Any CPU
		Release|Any CPU = Release|Any CPU
	EndGlobalSection
	GlobalSection(ProjectConfigurationPlatforms) = postSolution
		{C01ABB4C-3903-4D64-8636-BDFFFE74248B}.Debug|Any CPU.ActiveCfg = Debug|Any CPU
		{C01ABB4C-3903-4D64-8636-BDFFFE74248B}.Debug|Any CPU.Build.0 = Debug|Any CPU
		{C01ABB4C-3903-4D64-8636-BDFFFE74248B}.Release|Any CPU.ActiveCfg = Release|Any CPU
		{C01ABB4C-3903-4D64-8636-BDFFFE74248B}.Release|Any CPU.Build.0 = Release|Any CPU
		{1BB854CE-A3A9-4A11-A7A8-2D44264C3F74}.Debug|Any CPU.ActiveCfg = Debug|Any CPU
		{1BB854CE-A3A9-4A11-A7A8-2D44264C3F74}.Debug|Any CPU.Build.0 = Debug|Any CPU
		{1BB854CE-A3A9-4A11-A7A8-2D44264C3F74}.Release|Any CPU.ActiveCfg = Release|Any CPU
		{1BB854CE-A3A9-4A11-A7A8-2D44264C3F74}.Release|Any CPU.Build.0 = Release|Any CPU
	EndGlobalSection
	GlobalSection(SolutionProperties) = preSolution
		HideSolutionNode = FALSE
	EndGlobalSection
	GlobalSection(ExtensibilityGlobals) = postSolution
		SolutionGuid = {476793BF-D372-4D29-9B53-002F8BD5AA87}
	EndGlobalSection
EndGlobal
